
Microsoft Visual Studio Solution File, Format Version 10.00
# Visual Studio 2008
Project("{FAE04EC0-301F-11D3-BF4B-00C04F79EFBC}") = "WingSuitJudge", "WingSuitJudge.csproj", "{B95AFFF6-750C-4FFA-A048-89BA31FEC236}"
EndProject
Global
	GlobalSection(SolutionConfigurationPlatforms) = preSolution
		Debug|Any CPU = Debug|Any CPU
		Release|Any CPU = Release|Any CPU
	EndGlobalSection
	GlobalSection(ProjectConfigurationPlatforms) = postSolution
		{B95AFFF6-750C-4FFA-A048-89BA31FEC236}.Debug|Any CPU.ActiveCfg = Debug|Any CPU
		{B95AFFF6-750C-4FFA-A048-89BA31FEC236}.Debug|Any CPU.Build.0 = Debug|Any CPU
		{B95AFFF6-750C-4FFA-A048-89BA31FEC236}.Release|Any CPU.ActiveCfg = Release|Any CPU
		{B95AFFF6-750C-4FFA-A048-89BA31FEC236}.Release|Any CPU.Build.0 = Release|Any CPU
	EndGlobalSection
	GlobalSection(SolutionProperties) = preSolution
		HideSolutionNode = FALSE
	EndGlobalSection
EndGlobal
